hash: 68c1506bb94cb24acbdd6c9dfa3c60190117b0d64f958edc18e54476200a7e13
updated: 2021-07-05T23:58:09.942724296+02:00
imports:
- name: github.com/sirupsen/logrus
  version: b50299cfaaa1bca85be76c8984070e846c7abfd2
- name: golang.org/x/sys
  version: 0f9fa26af87c481a6877a4ca1330699ba9a30673
  subpackages:
  - internal/unsafeheader
  - unix
  - windows
testImports: []
